
Microsoft Visual Studio Solution File, Format Version 12.00
# Visual Studio Version 17
VisualStudioVersion = 17.0.31903.59
MinimumVisualStudioVersion = 10.0.40219.1
Project("{2150E333-8FDC-42A3-9474-1A3956D46DE8}") = "src", "src", "{17091345-1C26-48C6-8478-85A010ED5649}"
EndProject
Project("{FAE04EC0-301F-11D3-BF4B-00C04F79EFBC}") = "LifeHub.Domain", "src\LifeHub.Domain\LifeHub.Domain.csproj", "{1311DDDE-FEAC-4278-A650-D9FF87836A7B}"
EndProject
Project("{FAE04EC0-301F-11D3-BF4B-00C04F79EFBC}") = "LifeHub.Application", "src\LifeHub.Application\LifeHub.Application.csproj", "{5995EA99-F347-4FAF-A46F-52E4A3860A7B}"
EndProject
Project("{FAE04EC0-301F-11D3-BF4B-00C04F79EFBC}") = "LifeHub.Infrastructure", "src\LifeHub.Infrastructure\LifeHub.Infrastructure.csproj", "{430EF1D5-6254-44FF-AFF8-B06FCB7F0CAA}"
EndProject
Project("{FAE04EC0-301F-11D3-BF4B-00C04F79EFBC}") = "LifeHub.API", "src\LifeHub.API\LifeHub.API.csproj", "{75EC1D02-A612-454D-A5D5-A0DCBA812AFD}"
EndProject
Global
	GlobalSection(SolutionConfigurationPlatforms) = preSolution
		Debug|Any CPU = Debug|Any CPU
		Release|Any CPU = Release|Any CPU
	EndGlobalSection
	GlobalSection(SolutionProperties) = preSolution
		HideSolutionNode = FALSE
	EndGlobalSection
	GlobalSection(ProjectConfigurationPlatforms) = postSolution
		{1311DDDE-FEAC-4278-A650-D9FF87836A7B}.Debug|Any CPU.ActiveCfg = Debug|Any CPU
		{1311DDDE-FEAC-4278-A650-D9FF87836A7B}.Debug|Any CPU.Build.0 = Debug|Any CPU
		{1311DDDE-FEAC-4278-A650-D9FF87836A7B}.Release|Any CPU.ActiveCfg = Release|Any CPU
		{1311DDDE-FEAC-4278-A650-D9FF87836A7B}.Release|Any CPU.Build.0 = Release|Any CPU
		{5995EA99-F347-4FAF-A46F-52E4A3860A7B}.Debug|Any CPU.ActiveCfg = Debug|Any CPU
		{5995EA99-F347-4FAF-A46F-52E4A3860A7B}.Debug|Any CPU.Build.0 = Debug|Any CPU
		{5995EA99-F347-4FAF-A46F-52E4A3860A7B}.Release|Any CPU.ActiveCfg = Release|Any CPU
		{5995EA99-F347-4FAF-A46F-52E4A3860A7B}.Release|Any CPU.Build.0 = Release|Any CPU
		{430EF1D5-6254-44FF-AFF8-B06FCB7F0CAA}.Debug|Any CPU.ActiveCfg = Debug|Any CPU
		{430EF1D5-6254-44FF-AFF8-B06FCB7F0CAA}.Debug|Any CPU.Build.0 = Debug|Any CPU
		{430EF1D5-6254-44FF-AFF8-B06FCB7F0CAA}.Release|Any CPU.ActiveCfg = Release|Any CPU
		{430EF1D5-6254-44FF-AFF8-B06FCB7F0CAA}.Release|Any CPU.Build.0 = Release|Any CPU
		{75EC1D02-A612-454D-A5D5-A0DCBA812AFD}.Debug|Any CPU.ActiveCfg = Debug|Any CPU
		{75EC1D02-A612-454D-A5D5-A0DCBA812AFD}.Debug|Any CPU.Build.0 = Debug|Any CPU
		{75EC1D02-A612-454D-A5D5-A0DCBA812AFD}.Release|Any CPU.ActiveCfg = Release|Any CPU
		{75EC1D02-A612-454D-A5D5-A0DCBA812AFD}.Release|Any CPU.Build.0 = Release|Any CPU
	EndGlobalSection
	GlobalSection(NestedProjects) = preSolution
		{1311DDDE-FEAC-4278-A650-D9FF87836A7B} = {17091345-1C26-48C6-8478-85A010ED5649}
		{5995EA99-F347-4FAF-A46F-52E4A3860A7B} = {17091345-1C26-48C6-8478-85A010ED5649}
		{430EF1D5-6254-44FF-AFF8-B06FCB7F0CAA} = {17091345-1C26-48C6-8478-85A010ED5649}
		{75EC1D02-A612-454D-A5D5-A0DCBA812AFD} = {17091345-1C26-48C6-8478-85A010ED5649}
	EndGlobalSection
EndGlobal

